
Microsoft Visual Studio Solution File, Format Version 10.00
# Visual Studio 2008
Project("{FAE04EC0-301F-11D3-BF4B-00C04F79EFBC}") = "IISLogFileAnalysis", "IisLogFileAnalysis\IISLogFileAnalysis.csproj", "{BFB4310E-EEF4-4B53-9670-090EA1DB19BC}"
EndProject
Global
	GlobalSection(SolutionConfigurationPlatforms) = preSolution
		Debug|Any CPU = Debug|Any CPU
		Release|Any CPU = Release|Any CPU
	EndGlobalSection
	GlobalSection(ProjectConfigurationPlatforms) = postSolution
		{BFB4310E-EEF4-4B53-9670-090EA1DB19BC}.Debug|Any CPU.ActiveCfg = Debug|Any CPU
		{BFB4310E-EEF4-4B53-9670-090EA1DB19BC}.Debug|Any CPU.Build.0 = Debug|Any CPU
		{BFB4310E-EEF4-4B53-9670-090EA1DB19BC}.Release|Any CPU.ActiveCfg = Release|Any CPU
		{BFB4310E-EEF4-4B53-9670-090EA1DB19BC}.Release|Any CPU.Build.0 = Release|Any CPU
	EndGlobalSection
	GlobalSection(SolutionProperties) = preSolution
		HideSolutionNode = FALSE
	EndGlobalSection
EndGlobal
